
Microsoft Visual Studio Solution File, Format Version 12.00
# Visual Studio Version 17
VisualStudioVersion = 17.6.33829.357
MinimumVisualStudioVersion = 10.0.40219.1
Project("{9A19103F-16F7-4668-BE54-9A1E7A4F7556}") = "Stopwatch", "Stopwatch.csproj", "{323D4EB0-B50C-4DC6-97CB-EE7D6A8E4F3C}"
EndProject
Project("{FAE04EC0-301F-11D3-BF4B-00C04F79EFBC}") = "Stopwatch2", "Stopwatch2\Stopwatch2.csproj", "{3DD954DD-907A-48D6-A0A8-18AE6BE18CF4}"
EndProject
Project("{FAE04EC0-301F-11D3-BF4B-00C04F79EFBC}") = "Stopwatch3", "Stopwatch3\Stopwatch3.csproj", "{D5770884-1700-4E49-9BCD-DDF4F3AD5EC8}"
EndProject
Global
	GlobalSection(SolutionConfigurationPlatforms) = preSolution
		Debug|Any CPU = Debug|Any CPU
		Release|Any CPU = Release|Any CPU
	EndGlobalSection
	GlobalSection(ProjectConfigurationPlatforms) = postSolution
		{323D4EB0-B50C-4DC6-97CB-EE7D6A8E4F3C}.Debug|Any CPU.ActiveCfg = Debug|Any CPU
		{323D4EB0-B50C-4DC6-97CB-EE7D6A8E4F3C}.Debug|Any CPU.Build.0 = Debug|Any CPU
		{323D4EB0-B50C-4DC6-97CB-EE7D6A8E4F3C}.Release|Any CPU.ActiveCfg = Release|Any CPU
		{323D4EB0-B50C-4DC6-97CB-EE7D6A8E4F3C}.Release|Any CPU.Build.0 = Release|Any CPU
		{3DD954DD-907A-48D6-A0A8-18AE6BE18CF4}.Debug|Any CPU.ActiveCfg = Debug|Any CPU
		{3DD954DD-907A-48D6-A0A8-18AE6BE18CF4}.Debug|Any CPU.Build.0 = Debug|Any CPU
		{3DD954DD-907A-48D6-A0A8-18AE6BE18CF4}.Release|Any CPU.ActiveCfg = Release|Any CPU
		{3DD954DD-907A-48D6-A0A8-18AE6BE18CF4}.Release|Any CPU.Build.0 = Release|Any CPU
		{D5770884-1700-4E49-9BCD-DDF4F3AD5EC8}.Debug|Any CPU.ActiveCfg = Debug|Any CPU
		{D5770884-1700-4E49-9BCD-DDF4F3AD5EC8}.Debug|Any CPU.Build.0 = Debug|Any CPU
		{D5770884-1700-4E49-9BCD-DDF4F3AD5EC8}.Release|Any CPU.ActiveCfg = Release|Any CPU
		{D5770884-1700-4E49-9BCD-DDF4F3AD5EC8}.Release|Any CPU.Build.0 = Release|Any CPU
	EndGlobalSection
	GlobalSection(SolutionProperties) = preSolution
		HideSolutionNode = FALSE
	EndGlobalSection
	GlobalSection(ExtensibilityGlobals) = postSolution
		SolutionGuid = {2437A872-29BE-4C82-9084-74B8004AD100}
	EndGlobalSection
EndGlobal
